
Microsoft Visual Studio Solution File, Format Version 12.00
# Visual Studio Version 16
VisualStudioVersion = 16.0.30907.101
MinimumVisualStudioVersion = 10.0.40219.1
Project("{FAE04EC0-301F-11D3-BF4B-00C04F79EFBC}") = "DB_UI", "DB_UI\DB_UI.csproj", "{B332A711-B13E-44EA-A34F-630B03478F03}"
EndProject
Global
	GlobalSection(SolutionConfigurationPlatforms) = preSolution
		Debug|Any CPU = Debug|Any CPU
		Release|Any CPU = Release|Any CPU
	EndGlobalSection
	GlobalSection(ProjectConfigurationPlatforms) = postSolution
		{B332A711-B13E-44EA-A34F-630B03478F03}.Debug|Any CPU.ActiveCfg = Debug|Any CPU
		{B332A711-B13E-44EA-A34F-630B03478F03}.Debug|Any CPU.Build.0 = Debug|Any CPU
		{B332A711-B13E-44EA-A34F-630B03478F03}.Release|Any CPU.ActiveCfg = Release|Any CPU
		{B332A711-B13E-44EA-A34F-630B03478F03}.Release|Any CPU.Build.0 = Release|Any CPU
	EndGlobalSection
	GlobalSection(SolutionProperties) = preSolution
		HideSolutionNode = FALSE
	EndGlobalSection
	GlobalSection(ExtensibilityGlobals) = postSolution
		SolutionGuid = {CC64281D-F89E-422D-A27A-8E8A3DACBD58}
	EndGlobalSection
EndGlobal
